
Microsoft Visual Studio Solution File, Format Version 12.00
# Visual Studio Version 17
VisualStudioVersion = 17.4.33110.190
MinimumVisualStudioVersion = 10.0.40219.1
Project("{FAE04EC0-301F-11D3-BF4B-00C04F79EFBC}") = "Simple_Pagination_Dotnet", "Simple_Pagination_Dotnet\Simple_Pagination_Dotnet.csproj", "{4B7DCFBC-A5DB-475D-9751-890D6150F7D4}"
EndProject
Global
	GlobalSection(SolutionConfigurationPlatforms) = preSolution
		Debug|Any CPU = Debug|Any CPU
		Release|Any CPU = Release|Any CPU
	EndGlobalSection
	GlobalSection(ProjectConfigurationPlatforms) = postSolution
		{4B7DCFBC-A5DB-475D-9751-890D6150F7D4}.Debug|Any CPU.ActiveCfg = Debug|Any CPU
		{4B7DCFBC-A5DB-475D-9751-890D6150F7D4}.Debug|Any CPU.Build.0 = Debug|Any CPU
		{4B7DCFBC-A5DB-475D-9751-890D6150F7D4}.Release|Any CPU.ActiveCfg = Release|Any CPU
		{4B7DCFBC-A5DB-475D-9751-890D6150F7D4}.Release|Any CPU.Build.0 = Release|Any CPU
	EndGlobalSection
	GlobalSection(SolutionProperties) = preSolution
		HideSolutionNode = FALSE
	EndGlobalSection
	GlobalSection(ExtensibilityGlobals) = postSolution
		SolutionGuid = {67618C1D-00C7-45A0-8EEF-B17C715541C7}
	EndGlobalSection
EndGlobal
